
Microsoft Visual Studio Solution File, Format Version 12.00
# Visual Studio 2012
Project("{FAE04EC0-301F-11D3-BF4B-00C04F79EFBC}") = "CifraClubPdf", "CifraClubPdf\CifraClubPdf.csproj", "{15E31E34-25A7-4FFA-8FB4-63F17D1AF976}"
EndProject
Global
	GlobalSection(SolutionConfigurationPlatforms) = preSolution
		Debug|Any CPU = Debug|Any CPU
		Release|Any CPU = Release|Any CPU
	EndGlobalSection
	GlobalSection(ProjectConfigurationPlatforms) = postSolution
		{15E31E34-25A7-4FFA-8FB4-63F17D1AF976}.Debug|Any CPU.ActiveCfg = Debug|Any CPU
		{15E31E34-25A7-4FFA-8FB4-63F17D1AF976}.Debug|Any CPU.Build.0 = Debug|Any CPU
		{15E31E34-25A7-4FFA-8FB4-63F17D1AF976}.Release|Any CPU.ActiveCfg = Release|Any CPU
		{15E31E34-25A7-4FFA-8FB4-63F17D1AF976}.Release|Any CPU.Build.0 = Release|Any CPU
	EndGlobalSection
	GlobalSection(SolutionProperties) = preSolution
		HideSolutionNode = FALSE
	EndGlobalSection
EndGlobal
